github.com/Meta39/gohello v0.1.0 h1:uWd/WYgbKTO7CDAy2jJI/Sh7NBcq6QUexc4QEAL0PFQ=
github.com/Meta39/gohello v0.1.0/go.mod h1:Olcgiv0B06WJJx2cubp/cbEBaIoWb0omxtrSTNuGy/E=
github.com/Meta39/gohello/v2 v2.0.0 h1:oWC/DW5kj+zr7+iSsquLiOPRtjFh44P5zSPipRSlsu0=
github.com/Meta39/gohello/v2 v2.0.0/go.mod h1:PDvqy/oD2WgmiChFrUIF27IzaJ84yvH7gEP0FlSgV+4=
